Microsoft Visual Studio Solution File, Format Version 11.00
# Visual Studio 2008

Project("{DC9A6767-25AF-174D-DABE-60543135E956}") = "DyzFunctional_Evolution", "Assembly-CSharp-firstpass.csproj", "{396487D9-4857-FEF9-A3DB-FBB72C75379A}"
EndProject
Project("{DC9A6767-25AF-174D-DABE-60543135E956}") = "DyzFunctional_Evolution", "Assembly-CSharp.csproj", "{539C168F-3EA4-1847-3538-1FE7001AD497}"
EndProject
Project("{DC9A6767-25AF-174D-DABE-60543135E956}") = "DyzFunctional_Evolution", "Assembly-CSharp-Editor-firstpass.csproj", "{3C3A5C1B-5EEA-17BF-09E1-2A1BE6F35BEF}"
EndProject
Global
	GlobalSection(SolutionConfigurationPlatforms) = preSolution
		Debug|Any CPU = Debug|Any CPU
		Release|Any CPU = Release|Any CPU
	EndGlobalSection
	GlobalSection(ProjectConfigurationPlatforms) = postSolution
		{396487D9-4857-FEF9-A3DB-FBB72C75379A}.Debug|Any CPU.ActiveCfg = Debug|Any CPU
		{396487D9-4857-FEF9-A3DB-FBB72C75379A}.Debug|Any CPU.Build.0 = Debug|Any CPU
		{396487D9-4857-FEF9-A3DB-FBB72C75379A}.Release|Any CPU.ActiveCfg = Release|Any CPU
		{396487D9-4857-FEF9-A3DB-FBB72C75379A}.Release|Any CPU.Build.0 = Release|Any CPU
		{539C168F-3EA4-1847-3538-1FE7001AD497}.Debug|Any CPU.ActiveCfg = Debug|Any CPU
		{539C168F-3EA4-1847-3538-1FE7001AD497}.Debug|Any CPU.Build.0 = Debug|Any CPU
		{539C168F-3EA4-1847-3538-1FE7001AD497}.Release|Any CPU.ActiveCfg = Release|Any CPU
		{539C168F-3EA4-1847-3538-1FE7001AD497}.Release|Any CPU.Build.0 = Release|Any CPU
		{3C3A5C1B-5EEA-17BF-09E1-2A1BE6F35BEF}.Debug|Any CPU.ActiveCfg = Debug|Any CPU
		{3C3A5C1B-5EEA-17BF-09E1-2A1BE6F35BEF}.Debug|Any CPU.Build.0 = Debug|Any CPU
		{3C3A5C1B-5EEA-17BF-09E1-2A1BE6F35BEF}.Release|Any CPU.ActiveCfg = Release|Any CPU
		{3C3A5C1B-5EEA-17BF-09E1-2A1BE6F35BEF}.Release|Any CPU.Build.0 = Release|Any CPU
	EndGlobalSection
	GlobalSection(SolutionProperties) = preSolution
		HideSolutionNode = FALSE
	EndGlobalSection
	GlobalSection(MonoDevelopProperties) = preSolution
		StartupItem = Assembly-CSharp.csproj
	EndGlobalSection
EndGlobal
